
Microsoft Visual Studio Solution File, Format Version 12.00
# Visual Studio 2013
VisualStudioVersion = 12.0.40629.0
MinimumVisualStudioVersion = 10.0.40219.1
Project("{FAE04EC0-301F-11D3-BF4B-00C04F79EFBC}") = "WiiRemoteLib", "WiiRemote\WiiRemoteLib.csproj", "{4D78A698-BE22-4EA2-9D7E-7C2B7E5BA3F4}"
EndProject
Project("{FAE04EC0-301F-11D3-BF4B-00C04F79EFBC}") = "WiiRemoteTestApp", "WiiRemoteTestApp\WiiRemoteTestApp.csproj", "{3DB7889B-C04C-4EBA-8833-1A7C503BC86C}"
EndProject
Global
	GlobalSection(SolutionConfigurationPlatforms) = preSolution
		Debug|Any CPU = Debug|Any CPU
		Release|Any CPU = Release|Any CPU
	EndGlobalSection
	GlobalSection(ProjectConfigurationPlatforms) = postSolution
		{4D78A698-BE22-4EA2-9D7E-7C2B7E5BA3F4}.Debug|Any CPU.ActiveCfg = Debug|Any CPU
		{4D78A698-BE22-4EA2-9D7E-7C2B7E5BA3F4}.Debug|Any CPU.Build.0 = Debug|Any CPU
		{4D78A698-BE22-4EA2-9D7E-7C2B7E5BA3F4}.Release|Any CPU.ActiveCfg = Release|Any CPU
		{4D78A698-BE22-4EA2-9D7E-7C2B7E5BA3F4}.Release|Any CPU.Build.0 = Release|Any CPU
		{3DB7889B-C04C-4EBA-8833-1A7C503BC86C}.Debug|Any CPU.ActiveCfg = Debug|Any CPU
		{3DB7889B-C04C-4EBA-8833-1A7C503BC86C}.Debug|Any CPU.Build.0 = Debug|Any CPU
		{3DB7889B-C04C-4EBA-8833-1A7C503BC86C}.Release|Any CPU.ActiveCfg = Release|Any CPU
		{3DB7889B-C04C-4EBA-8833-1A7C503BC86C}.Release|Any CPU.Build.0 = Release|Any CPU
	EndGlobalSection
	GlobalSection(SolutionProperties) = preSolution
		HideSolutionNode = FALSE
	EndGlobalSection
EndGlobal
